
Microsoft Visual Studio Solution File, Format Version 12.00
# Visual Studio 14
VisualStudioVersion = 14.0.25420.1
MinimumVisualStudioVersion = 10.0.40219.1
Project("{FAE04EC0-301F-11D3-BF4B-00C04F79EFBC}") = "Mrxrm.Crm2016.Angular2", "Mrxrm.Crm2016.Angular2\Mrxrm.Crm2016.Angular2.csproj", "{68670149-40FE-4EA9-A624-572B2C595F69}"
EndProject
Project("{FAE04EC0-301F-11D3-BF4B-00C04F79EFBC}") = "Mrxrm.Crm2016.WebApiConsole", "Mrxrm.Crm2016.WebApiConsole\Mrxrm.Crm2016.WebApiConsole.csproj", "{DF9A5F58-C74B-4600-AC31-25B6637DD9AE}"
EndProject
Global
	GlobalSection(SolutionConfigurationPlatforms) = preSolution
		Debug|Any CPU = Debug|Any CPU
		Release|Any CPU = Release|Any CPU
	EndGlobalSection
	GlobalSection(ProjectConfigurationPlatforms) = postSolution
		{68670149-40FE-4EA9-A624-572B2C595F69}.Debug|Any CPU.ActiveCfg = Debug|Any CPU
		{68670149-40FE-4EA9-A624-572B2C595F69}.Debug|Any CPU.Build.0 = Debug|Any CPU
		{68670149-40FE-4EA9-A624-572B2C595F69}.Release|Any CPU.ActiveCfg = Release|Any CPU
		{68670149-40FE-4EA9-A624-572B2C595F69}.Release|Any CPU.Build.0 = Release|Any CPU
		{DF9A5F58-C74B-4600-AC31-25B6637DD9AE}.Debug|Any CPU.ActiveCfg = Debug|Any CPU
		{DF9A5F58-C74B-4600-AC31-25B6637DD9AE}.Debug|Any CPU.Build.0 = Debug|Any CPU
		{DF9A5F58-C74B-4600-AC31-25B6637DD9AE}.Release|Any CPU.ActiveCfg = Release|Any CPU
		{DF9A5F58-C74B-4600-AC31-25B6637DD9AE}.Release|Any CPU.Build.0 = Release|Any CPU
	EndGlobalSection
	GlobalSection(SolutionProperties) = preSolution
		HideSolutionNode = FALSE
	EndGlobalSection
EndGlobal
